{
  "version": 4,
  "terraform_version": "0.12.29",
  "serial": 109,
  "lineage": "d0ed9f1e-4882-9045-5439-756c66308a5f",
  "outputs": {},
  "resources": [
    {
      "mode": "data",
      "type": "aws_elastic_beanstalk_solution_stack",
      "name": "multi_docker",
      "provider": "provider.aws",
      "instances": [
        {
          "schema_version": 0,
          "attributes": {
            "id": "64bit Amazon Linux 2018.03 v2.23.0 running Multi-container Docker 19.03.6-ce (Generic)",
            "most_recent": true,
            "name": "64bit Amazon Linux 2018.03 v2.23.0 running Multi-container Docker 19.03.6-ce (Generic)",
            "name_regex": "^64bit Amazon Linux (.*) Multi-container Docker (.*)$"
          }
        }
      ]
    },
    {
      "mode": "managed",
      "type": "aws_elastic_beanstalk_application",
      "name": "tftest",
      "provider": "provider.aws",
      "instances": [
        {
          "schema_version": 0,
          "attributes": {
            "appversion_lifecycle": [],
            "arn": "arn:aws:elasticbeanstalk:us-east-1:093029247085:application/test1-dev",
            "description": "tf-test-desc",
            "id": "test1-dev",
            "name": "test1-dev",
            "tags": {}
          },
          "private": "bnVsbA=="
        }
      ]
    },
    {
      "mode": "managed",
      "type": "aws_elastic_beanstalk_environment",
      "name": "eb_env",
      "provider": "provider.aws",
      "instances": [
        {
          "status": "tainted",
          "schema_version": 1,
          "attributes": {
            "all_settings": [],
            "application": "test1-dev",
            "arn": null,
            "autoscaling_groups": null,
            "cname": null,
            "cname_prefix": null,
            "description": null,
            "endpoint_url": null,
            "id": "e-xutny7bfzp",
            "instances": null,
            "launch_configurations": null,
            "load_balancers": null,
            "name": "test1-dev",
            "platform_arn": null,
            "poll_interval": null,
            "queues": null,
            "setting": [
              {
                "name": "Availability Zones",
                "namespace": "aws:autoscaling:asg",
                "resource": "",
                "value": "Any"
              },
              {
                "name": "Cooldown",
                "namespace": "aws:autoscaling:asg",
                "resource": "",
                "value": "360"
              },
              {
                "name": "EC2KeyName",
                "namespace": "aws:autoscaling:launchconfiguration",
                "resource": "",
                "value": "test"
              },
              {
                "name": "EnvironmentType",
                "namespace": "aws:elasticbeanstalk:environment",
                "resource": "",
                "value": "SingleInstance"
              },
              {
                "name": "IamInstanceProfile",
                "namespace": "aws:autoscaling:launchconfiguration",
                "resource": "",
                "value": "test1-dev-beanstalk-ec2-user"
              },
              {
                "name": "InstanceType",
                "namespace": "aws:autoscaling:launchconfiguration",
                "resource": "",
                "value": "t2.micro"
              },
              {
                "name": "PreferredStartTime",
                "namespace": "aws:elasticbeanstalk:managedactions",
                "resource": "",
                "value": "Tue:18:00"
              },
              {
                "name": "ServiceRole",
                "namespace": "aws:elasticbeanstalk:environment",
                "resource": "",
                "value": "test1-dev-beanstalk-service-role"
              },
              {
                "name": "Subnets",
                "namespace": "aws:ec2:vpc",
                "resource": "",
                "value": "subnet-0f6006e3b15f7c3b2"
              },
              {
                "name": "SystemType",
                "namespace": "aws:elasticbeanstalk:healthreporting:system",
                "resource": "",
                "value": "enhanced"
              },
              {
                "name": "VPCId",
                "namespace": "aws:ec2:vpc",
                "resource": "",
                "value": "vpc-0c25e28d24b96ba3e"
              }
            ],
            "solution_stack_name": "64bit Amazon Linux 2018.03 v2.23.0 running Multi-container Docker 19.03.6-ce (Generic)",
            "tags": null,
            "template_name": null,
            "tier": "WebServer",
            "triggers": null,
            "version_label": null,
            "wait_for_ready_timeout": "20m"
          },
          "private": "eyJzY2hlbWFfdmVyc2lvbiI6IjEifQ==",
          "dependencies": [
            "aws_elastic_beanstalk_application.tftest",
            "aws_iam_instance_profile.beanstalk_ec2",
            "aws_iam_role.beanstalk_service"
          ]
        }
      ]
    },
    {
      "mode": "managed",
      "type": "aws_iam_instance_profile",
      "name": "beanstalk_ec2",
      "provider": "provider.aws",
      "instances": [
        {
          "schema_version": 0,
          "attributes": {
            "arn": "arn:aws:iam::093029247085:instance-profile/test1-dev-beanstalk-ec2-user",
            "create_date": "2020-11-29T00:01:13Z",
            "id": "test1-dev-beanstalk-ec2-user",
            "name": "test1-dev-beanstalk-ec2-user",
            "name_prefix": null,
            "path": "/",
            "role": "test1-dev-beanstalk-ec2-role",
            "unique_id": "AIPARLKHZVBWUGR5HHDBU"
          },
          "private": "bnVsbA==",
          "dependencies": [
            "aws_iam_role.beanstalk_ec2"
          ]
        }
      ]
    },
    {
      "mode": "managed",
      "type": "aws_iam_instance_profile",
      "name": "beanstalk_service",
      "provider": "provider.aws",
      "instances": [
        {
          "schema_version": 0,
          "attributes": {
            "arn": "arn:aws:iam::093029247085:instance-profile/test1-dev-beanstalk-service-user",
            "create_date": "2020-11-29T00:01:13Z",
            "id": "test1-dev-beanstalk-service-user",
            "name": "test1-dev-beanstalk-service-user",
            "name_prefix": null,
            "path": "/",
            "role": "test1-dev-beanstalk-service-role",
            "unique_id": "AIPARLKHZVBWRWAMDR7SV"
          },
          "private": "bnVsbA==",
          "dependencies": [
            "aws_iam_role.beanstalk_service"
          ]
        }
      ]
    },
    {
      "mode": "managed",
      "type": "aws_iam_policy_attachment",
      "name": "beanstalk_ec2_web",
      "provider": "provider.aws",
      "instances": [
        {
          "schema_version": 0,
          "attributes": {
            "groups": [],
            "id": "test1-dev-elastic-beanstalk-ec2-web",
            "name": "test1-dev-elastic-beanstalk-ec2-web",
            "policy_arn": "arn:aws:iam::aws:policy/AWSElasticBeanstalkWebTier",
            "roles": [
              "test1-dev-beanstalk-ec2-role"
            ],
            "users": []
          },
          "private": "bnVsbA==",
          "dependencies": [
            "aws_iam_role.beanstalk_ec2"
          ]
        }
      ]
    },
    {
      "mode": "managed",
      "type": "aws_iam_policy_attachment",
      "name": "beanstalk_service",
      "provider": "provider.aws",
      "instances": [
        {
          "schema_version": 0,
          "attributes": {
            "groups": [],
            "id": "test1-dev-elastic-beanstalk-service",
            "name": "test1-dev-elastic-beanstalk-service",
            "policy_arn": "arn:aws:iam::aws:policy/service-role/AWSElasticBeanstalkService",
            "roles": [
              "test1-dev-beanstalk-service-role"
            ],
            "users": []
          },
          "private": "bnVsbA==",
          "dependencies": [
            "aws_iam_role.beanstalk_service"
          ]
        }
      ]
    },
    {
      "mode": "managed",
      "type": "aws_iam_policy_attachment",
      "name": "beanstalk_service_health",
      "provider": "provider.aws",
      "instances": [
        {
          "schema_version": 0,
          "attributes": {
            "groups": [],
            "id": "test1-dev-elastic-beanstalk-service-health",
            "name": "test1-dev-elastic-beanstalk-service-health",
            "policy_arn": "arn:aws:iam::aws:policy/service-role/AWSElasticBeanstalkEnhancedHealth",
            "roles": [
              "test1-dev-beanstalk-service-role"
            ],
            "users": []
          },
          "private": "bnVsbA==",
          "dependencies": [
            "aws_iam_role.beanstalk_service"
          ]
        }
      ]
    },
    {
      "mode": "managed",
      "type": "aws_iam_role",
      "name": "beanstalk_ec2",
      "provider": "provider.aws",
      "instances": [
        {
          "schema_version": 0,
          "attributes": {
            "arn": "arn:aws:iam::093029247085:role/test1-dev-beanstalk-ec2-role",
            "assume_role_policy": "{\"Version\":\"2008-10-17\",\"Statement\":[{\"Sid\":\"\",\"Effect\":\"Allow\",\"Principal\":{\"Service\":\"ec2.amazonaws.com\"},\"Action\":\"sts:AssumeRole\"}]}",
            "create_date": "2020-11-29T00:01:13Z",
            "description": "",
            "force_detach_policies": false,
            "id": "test1-dev-beanstalk-ec2-role",
            "max_session_duration": 3600,
            "name": "test1-dev-beanstalk-ec2-role",
            "name_prefix": null,
            "path": "/",
            "permissions_boundary": null,
            "tags": {},
            "unique_id": "AROARLKHZVBWUEJX6VNNP"
          },
          "private": "bnVsbA=="
        }
      ]
    },
    {
      "mode": "managed",
      "type": "aws_iam_role",
      "name": "beanstalk_service",
      "provider": "provider.aws",
      "instances": [
        {
          "schema_version": 0,
          "attributes": {
            "arn": "arn:aws:iam::093029247085:role/test1-dev-beanstalk-service-role",
            "assume_role_policy": "{\"Version\":\"2012-10-17\",\"Statement\":[{\"Sid\":\"\",\"Effect\":\"Allow\",\"Principal\":{\"Service\":\"elasticbeanstalk.amazonaws.com\"},\"Action\":\"sts:AssumeRole\",\"Condition\":{\"StringEquals\":{\"sts:ExternalId\":\"elasticbeanstalk\"}}}]}",
            "create_date": "2020-11-29T00:01:13Z",
            "description": "",
            "force_detach_policies": false,
            "id": "test1-dev-beanstalk-service-role",
            "max_session_duration": 3600,
            "name": "test1-dev-beanstalk-service-role",
            "name_prefix": null,
            "path": "/",
            "permissions_boundary": null,
            "tags": {},
            "unique_id": "AROARLKHZVBWTDYJXDBGD"
          },
          "private": "bnVsbA=="
        }
      ]
    }
  ]
}
